
Microsoft Visual Studio Solution File, Format Version 12.00
# Visual Studio Version 16
VisualStudioVersion = 16.0.29519.87
MinimumVisualStudioVersion = 15.0.26124.0
Project("{2150E333-8FDC-42A3-9474-1A3956D46DE8}") = "MinIO", "MinIO", "{C338A438-134D-4FE5-8C3E-07C98A54936B}"
EndProject
Project("{9A19103F-16F7-4668-BE54-9A1E7A4F7556}") = "MinIO.API", "MinIO\MinIO.API\MinIO.API.csproj", "{A9387F02-A2A8-40A5-8998-89EC2DB2B030}"
EndProject
Project("{2150E333-8FDC-42A3-9474-1A3956D46DE8}") = "S3", "S3", "{F8B73E17-CF2F-467F-9526-5D68B6D7700B}"
EndProject
Project("{FAE04EC0-301F-11D3-BF4B-00C04F79EFBC}") = "S3.API", "S3\S3.API\S3.API.csproj", "{E130EB6E-BF79-4D54-AD4A-C6EA65F2FB94}"
EndProject
Global
	GlobalSection(SolutionConfigurationPlatforms) = preSolution
		Debug|Any CPU = Debug|Any CPU
		Debug|x64 = Debug|x64
		Debug|x86 = Debug|x86
		Release|Any CPU = Release|Any CPU
		Release|x64 = Release|x64
		Release|x86 = Release|x86
	EndGlobalSection
	GlobalSection(ProjectConfigurationPlatforms) = postSolution
		{A9387F02-A2A8-40A5-8998-89EC2DB2B030}.Debug|Any CPU.ActiveCfg = Debug|Any CPU
		{A9387F02-A2A8-40A5-8998-89EC2DB2B030}.Debug|Any CPU.Build.0 = Debug|Any CPU
		{A9387F02-A2A8-40A5-8998-89EC2DB2B030}.Debug|x64.ActiveCfg = Debug|Any CPU
		{A9387F02-A2A8-40A5-8998-89EC2DB2B030}.Debug|x64.Build.0 = Debug|Any CPU
		{A9387F02-A2A8-40A5-8998-89EC2DB2B030}.Debug|x86.ActiveCfg = Debug|Any CPU
		{A9387F02-A2A8-40A5-8998-89EC2DB2B030}.Debug|x86.Build.0 = Debug|Any CPU
		{A9387F02-A2A8-40A5-8998-89EC2DB2B030}.Release|Any CPU.ActiveCfg = Release|Any CPU
		{A9387F02-A2A8-40A5-8998-89EC2DB2B030}.Release|Any CPU.Build.0 = Release|Any CPU
		{A9387F02-A2A8-40A5-8998-89EC2DB2B030}.Release|x64.ActiveCfg = Release|Any CPU
		{A9387F02-A2A8-40A5-8998-89EC2DB2B030}.Release|x64.Build.0 = Release|Any CPU
		{A9387F02-A2A8-40A5-8998-89EC2DB2B030}.Release|x86.ActiveCfg = Release|Any CPU
		{A9387F02-A2A8-40A5-8998-89EC2DB2B030}.Release|x86.Build.0 = Release|Any CPU
		{E130EB6E-BF79-4D54-AD4A-C6EA65F2FB94}.Debug|Any CPU.ActiveCfg = Debug|Any CPU
		{E130EB6E-BF79-4D54-AD4A-C6EA65F2FB94}.Debug|Any CPU.Build.0 = Debug|Any CPU
		{E130EB6E-BF79-4D54-AD4A-C6EA65F2FB94}.Debug|x64.ActiveCfg = Debug|Any CPU
		{E130EB6E-BF79-4D54-AD4A-C6EA65F2FB94}.Debug|x64.Build.0 = Debug|Any CPU
		{E130EB6E-BF79-4D54-AD4A-C6EA65F2FB94}.Debug|x86.ActiveCfg = Debug|Any CPU
		{E130EB6E-BF79-4D54-AD4A-C6EA65F2FB94}.Debug|x86.Build.0 = Debug|Any CPU
		{E130EB6E-BF79-4D54-AD4A-C6EA65F2FB94}.Release|Any CPU.ActiveCfg = Release|Any CPU
		{E130EB6E-BF79-4D54-AD4A-C6EA65F2FB94}.Release|Any CPU.Build.0 = Release|Any CPU
		{E130EB6E-BF79-4D54-AD4A-C6EA65F2FB94}.Release|x64.ActiveCfg = Release|Any CPU
		{E130EB6E-BF79-4D54-AD4A-C6EA65F2FB94}.Release|x64.Build.0 = Release|Any CPU
		{E130EB6E-BF79-4D54-AD4A-C6EA65F2FB94}.Release|x86.ActiveCfg = Release|Any CPU
		{E130EB6E-BF79-4D54-AD4A-C6EA65F2FB94}.Release|x86.Build.0 = Release|Any CPU
	EndGlobalSection
	GlobalSection(SolutionProperties) = preSolution
		HideSolutionNode = FALSE
	EndGlobalSection
	GlobalSection(NestedProjects) = preSolution
		{A9387F02-A2A8-40A5-8998-89EC2DB2B030} = {C338A438-134D-4FE5-8C3E-07C98A54936B}
		{E130EB6E-BF79-4D54-AD4A-C6EA65F2FB94} = {F8B73E17-CF2F-467F-9526-5D68B6D7700B}
	EndGlobalSection
	GlobalSection(ExtensibilityGlobals) = postSolution
		SolutionGuid = {038A402C-F82C-4AC1-9CE5-A0B6E0BE6D72}
	EndGlobalSection
EndGlobal
